
Microsoft Visual Studio Solution File, Format Version 12.00
# Visual Studio 15
VisualStudioVersion = 15.0.28307.1000
MinimumVisualStudioVersion = 10.0.40219.1
Project("{FAE04EC0-301F-11D3-BF4B-00C04F79EFBC}") = "HW_18-04-2020", "HW_18-04-2020\HW_18-04-2020.csproj", "{48DDE77F-98F1-44EA-BD1F-E360B44D8781}"
EndProject
Global
	GlobalSection(SolutionConfigurationPlatforms) = preSolution
		Debug|Any CPU = Debug|Any CPU
		Release|Any CPU = Release|Any CPU
	EndGlobalSection
	GlobalSection(ProjectConfigurationPlatforms) = postSolution
		{48DDE77F-98F1-44EA-BD1F-E360B44D8781}.Debug|Any CPU.ActiveCfg = Debug|Any CPU
		{48DDE77F-98F1-44EA-BD1F-E360B44D8781}.Debug|Any CPU.Build.0 = Debug|Any CPU
		{48DDE77F-98F1-44EA-BD1F-E360B44D8781}.Release|Any CPU.ActiveCfg = Release|Any CPU
		{48DDE77F-98F1-44EA-BD1F-E360B44D8781}.Release|Any CPU.Build.0 = Release|Any CPU
	EndGlobalSection
	GlobalSection(SolutionProperties) = preSolution
		HideSolutionNode = FALSE
	EndGlobalSection
	GlobalSection(ExtensibilityGlobals) = postSolution
		SolutionGuid = {D892ADA5-2981-4166-BCFE-4FC231C8AEA2}
	EndGlobalSection
EndGlobal
